{
  "nodes": {
    "caisson": {
      "locked": {
        "lastModified": 1789851301,
        "narHash": "sha256-Coz3+N4BDbVG4JccE75eAZdRT7QqCB9XZRAd4mwtLoQ=",
        "owner": "nix-caisson",
        "repo": "caisson",
        "rev": "e0cdf0da98596d3d3ce65f9dd59bec55bfc3a8d9",
        "type": "github"
      },
      "original": {
        "owner": "nix-caisson",
        "repo": "caisson",
        "type": "github"
      }
    },
    "nixpkgs": {
      "locked": {
        "lastModified": 1789286504,
        "narHash": "sha256-eiEK7cKZORNEvX0GeF3RtNEF/JXhgf2RqSp3230q13E=",
        "owner": "NixOS",
        "repo": "nixpkgs",
        "rev": "ef34387ddd751e1ab8857adf4676492d32eb24ec",
        "type": "github"
      },
      "original": {
        "owner": "NixOS",
        "ref": "nixos-unstable",
        "repo": "nixpkgs",
        "type": "github"
      }
    },
    "root": {
      "inputs": {
        "caisson": "caisson",
        "nixpkgs": "nixpkgs"
      }
    }
  },
  "root": "root",
  "version": 7
}
