{
  "nodes": {
    "caisson": {
      "locked": {
        "lastModified": 1788424022,
        "narHash": "sha256-O5L156uTgGIjBlD9R4uTl4cGAfTa1SiWZRSZBneF7Lo=",
        "owner": "nix-caisson",
        "repo": "caisson",
        "rev": "7eb1bd6270d2a38c6f7973dae3288841cbece3e4",
        "type": "github"
      },
      "original": {
        "owner": "nix-caisson",
        "repo": "caisson",
        "type": "github"
      }
    },
    "nixpkgs": {
      "locked": {
        "lastModified": 1788614874,
        "narHash": "sha256-7QYjT2vHLuX9Z1pdxHXDKCbh1CR3D/2rywB9Tx0MPRg=",
        "owner": "NixOS",
        "repo": "nixpkgs",
        "rev": "c043004d1c6985732bcc1cbc5a9c9aecbbb4e0f0",
        "type": "github"
      },
      "original": {
        "owner": "NixOS",
        "ref": "nixos-unstable",
        "repo": "nixpkgs",
        "type": "github"
      }
    },
    "root": {
      "inputs": {
        "caisson": "caisson",
        "nixpkgs": "nixpkgs"
      }
    }
  },
  "root": "root",
  "version": 7
}
