{
  "nodes": {
    "caisson": {
      "locked": {
        "lastModified": 1789852095,
        "narHash": "sha256-tcbX7IdrjB8osheKFBtS793JEAig7ZTr2LxH9ducfmI=",
        "owner": "nix-caisson",
        "repo": "caisson",
        "rev": "68cb9c4e6e6285c4ebdacf06bb963b6d59bf2a12",
        "type": "github"
      },
      "original": {
        "owner": "nix-caisson",
        "repo": "caisson",
        "type": "github"
      }
    },
    "nixpkgs": {
      "locked": {
        "lastModified": 1789286504,
        "narHash": "sha256-eiEK7cKZORNEvX0GeF3RtNEF/JXhgf2RqSp3230q13E=",
        "owner": "NixOS",
        "repo": "nixpkgs",
        "rev": "ef34387ddd751e1ab8857adf4676492d32eb24ec",
        "type": "github"
      },
      "original": {
        "owner": "NixOS",
        "ref": "nixos-unstable",
        "repo": "nixpkgs",
        "type": "github"
      }
    },
    "root": {
      "inputs": {
        "caisson": "caisson",
        "nixpkgs": "nixpkgs"
      }
    }
  },
  "root": "root",
  "version": 7
}
